{
  "nodes": {
    "nixpkgs": {
      "locked": {
        "lastModified": 1710838473,
        "narHash": "sha256-RLvwdQSENKOaLdKhNie8XqHmTXzNm00/M/THj6zplQo=",
        "owner": "NixOS",
        "repo": "nixpkgs",
        "rev": "fa9f817df522ac294016af3d40ccff82f5fd3a63",
        "type": "github"
      },
      "original": {
        "owner": "NixOS",
        "ref": "release-23.11",
        "repo": "nixpkgs",
        "type": "github"
      }
    },
    "root": {
      "inputs": {
        "nixpkgs": "nixpkgs",
        "sysz": "sysz"
      }
    },
    "sysz": {
      "flake": false,
      "locked": {
        "lastModified": 1643417013,
        "narHash": "sha256-t32VaQa4PXYzyWwljCBPk4Rgae+yWawmxirE9tK5ZN8=",
        "owner": "joehillen",
        "repo": "sysz",
        "rev": "8da8e0dcbfde8d68fbdb22382671e395bd370d69",
        "type": "github"
      },
      "original": {
        "owner": "joehillen",
        "repo": "sysz",
        "type": "github"
      }
    }
  },
  "root": "root",
  "version": 7
}
