{
  "nodes": {
    "nixpkgs": {
      "locked": {
        "lastModified": 1710283656,
        "narHash": "sha256-nI+AOy4uK6jLGBi9nsbHjL1EdSIzoo8oa+9oeVhbyFc=",
        "owner": "NixOS",
        "repo": "nixpkgs",
        "rev": "51063ed4f2343a59fdeebb279bb81d87d453942b",
        "type": "github"
      },
      "original": {
        "owner": "NixOS",
        "ref": "release-23.11",
        "repo": "nixpkgs",
        "type": "github"
      }
    },
    "root": {
      "inputs": {
        "nixpkgs": "nixpkgs",
        "sysz": "sysz"
      }
    },
    "sysz": {
      "flake": false,
      "locked": {
        "lastModified": 1643417013,
        "narHash": "sha256-t32VaQa4PXYzyWwljCBPk4Rgae+yWawmxirE9tK5ZN8=",
        "owner": "joehillen",
        "repo": "sysz",
        "rev": "8da8e0dcbfde8d68fbdb22382671e395bd370d69",
        "type": "github"
      },
      "original": {
        "owner": "joehillen",
        "repo": "sysz",
        "type": "github"
      }
    }
  },
  "root": "root",
  "version": 7
}
